// !$*UTF8*$!
{
	archiveVersion = 1;
	classes = {
	};
	objectVersion = 56;
	objects = {

/* Begin PBXBuildFile section */
		D819B81A2BB1C854008051A1 /* AppDelegate.swift in Sources */ = {isa = PBXBuildFile; fileRef = D819B8192BB1C854008051A1 /* AppDelegate.swift */; };
		D819B81C2BB1C854008051A1 /* SceneDelegate.swift in Sources */ = {isa = PBXBuildFile; fileRef = D819B81B2BB1C854008051A1 /* SceneDelegate.swift */; };
		D819B81E2BB1C854008051A1 /* SimulationParametersViewController.swift in Sources */ = {isa = PBXBuildFile; fileRef = D819B81D2BB1C854008051A1 /* SimulationParametersViewController.swift */; };
		D819B8212BB1C854008051A1 /* Main.storyboard in Resources */ = {isa = PBXBuildFile; fileRef = D819B81F2BB1C854008051A1 /* Main.storyboard */; };
		D819B8232BB1C855008051A1 /* Assets.xcassets in Resources */ = {isa = PBXBuildFile; fileRef = D819B8222BB1C855008051A1 /* Assets.xcassets */; };
		D819B8262BB1C855008051A1 /* LaunchScreen.storyboard in Resources */ = {isa = PBXBuildFile; fileRef = D819B8242BB1C855008051A1 /* LaunchScreen.storyboard */; };
		D819B83E2BB31541008051A1 /* SimulationViewController.swift in Sources */ = {isa = PBXBuildFile; fileRef = D819B83D2BB31541008051A1 /* SimulationViewController.swift */; };
		D819B8402BB325CD008051A1 /* Person.swift in Sources */ = {isa = PBXBuildFile; fileRef = D819B83F2BB325CD008051A1 /* Person.swift */; };
/* End PBXBuildFile section */

/* Begin PBXFileReference section */
		D819B8162BB1C854008051A1 /* VK-TestTask-Infection.app */ = {isa = PBXFileReference; explicitFileType = wrapper.application; includeInIndex = 0; path = "VK-TestTask-Infection.app"; sourceTree = BUILT_PRODUCTS_DIR; };
		D819B8192BB1C854008051A1 /* AppDelegate.swift */ = {isa = PBXFileReference; lastKnownFileType = sourcecode.swift; path = AppDelegate.swift; sourceTree = "<group>"; };
		D819B81B2BB1C854008051A1 /* SceneDelegate.swift */ = {isa = PBXFileReference; lastKnownFileType = sourcecode.swift; path = SceneDelegate.swift; sourceTree = "<group>"; };
		D819B81D2BB1C854008051A1 /* SimulationParametersViewController.swift */ = {isa = PBXFileReference; lastKnownFileType = sourcecode.swift; path = SimulationParametersViewController.swift; sourceTree = "<group>"; };
		D819B8202BB1C854008051A1 /* Base */ = {isa = PBXFileReference; lastKnownFileType = file.storyboard; name = Base; path = Base.lproj/Main.storyboard; sourceTree = "<group>"; };
		D819B8222BB1C855008051A1 /* Assets.xcassets */ = {isa = PBXFileReference; lastKnownFileType = folder.assetcatalog; path = Assets.xcassets; sourceTree = "<group>"; };
		D819B8252BB1C855008051A1 /* Base */ = {isa = PBXFileReference; lastKnownFileType = file.storyboard; name = Base; path = Base.lproj/LaunchScreen.storyboard; sourceTree = "<group>"; };
		D819B8272BB1C855008051A1 /* Info.plist */ = {isa = PBXFileReference; lastKnownFileType = text.plist.xml; path = Info.plist; sourceTree = "<group>"; };
		D819B83D2BB31541008051A1 /* SimulationViewController.swift */ = {isa = PBXFileReference; lastKnownFileType = sourcecode.swift; path = SimulationViewController.swift; sourceTree = "<group>"; };
		D819B83F2BB325CD008051A1 /* Person.swift */ = {isa = PBXFileReference; lastKnownFileType = sourcecode.swift; path = Person.swift; sourceTree = "<group>"; };
/* End PBXFileReference section */

/* Begin PBXFrameworksBuildPhase section */
		D819B8132BB1C854008051A1 /* Frameworks */ = {
			isa = PBXFrameworksBuildPhase;
			buildActionMask = 2147483647;
			files = (
			);
			runOnlyForDeploymentPostprocessing = 0;
		};
/* End PBXFrameworksBuildPhase section */

/* Begin PBXGroup section */
		D819B80D2BB1C854008051A1 = {
			isa = PBXGroup;
			children = (
				D819B8182BB1C854008051A1 /* VK-TestTask-Infection */,
				D819B8172BB1C854008051A1 /* Products */,
			);
			sourceTree = "<group>";
		};
		D819B8172BB1C854008051A1 /* Products */ = {
			isa = PBXGroup;
			children = (
				D819B8162BB1C854008051A1 /* VK-TestTask-Infection.app */,
			);
			name = Products;
			sourceTree = "<group>";
		};
		D819B8182BB1C854008051A1 /* VK-TestTask-Infection */ = {
			isa = PBXGroup;
			children = (
				D819B82F2BB1CB42008051A1 /* Model */,
				D819B82E2BB1CB3D008051A1 /* View */,
				D819B82D2BB1CB34008051A1 /* Controller */,
				D819B8302BB1CB66008051A1 /* Supporting */,
			);
			path = "VK-TestTask-Infection";
			sourceTree = "<group>";
		};
		D819B82D2BB1CB34008051A1 /* Controller */ = {
			isa = PBXGroup;
			children = (
				D819B81D2BB1C854008051A1 /* SimulationParametersViewController.swift */,
				D819B83D2BB31541008051A1 /* SimulationViewController.swift */,
			);
			path = Controller;
			sourceTree = "<group>";
		};
		D819B82E2BB1CB3D008051A1 /* View */ = {
			isa = PBXGroup;
			children = (
				D819B81F2BB1C854008051A1 /* Main.storyboard */,
			);
			path = View;
			sourceTree = "<group>";
		};
		D819B82F2BB1CB42008051A1 /* Model */ = {
			isa = PBXGroup;
			children = (
				D819B83F2BB325CD008051A1 /* Person.swift */,
			);
			path = Model;
			sourceTree = "<group>";
		};
		D819B8302BB1CB66008051A1 /* Supporting */ = {
			isa = PBXGroup;
			children = (
				D819B8192BB1C854008051A1 /* AppDelegate.swift */,
				D819B81B2BB1C854008051A1 /* SceneDelegate.swift */,
				D819B8222BB1C855008051A1 /* Assets.xcassets */,
				D819B8242BB1C855008051A1 /* LaunchScreen.storyboard */,
				D819B8272BB1C855008051A1 /* Info.plist */,
			);
			path = Supporting;
			sourceTree = "<group>";
		};
/* End PBXGroup section */

/* Begin PBXNativeTarget section */
		D819B8152BB1C854008051A1 /* VK-TestTask-Infection */ = {
			isa = PBXNativeTarget;
			buildConfigurationList = D819B82A2BB1C855008051A1 /* Build configuration list for PBXNativeTarget "VK-TestTask-Infection" */;
			buildPhases = (
				D819B8122BB1C854008051A1 /* Sources */,
				D819B8132BB1C854008051A1 /* Frameworks */,
				D819B8142BB1C854008051A1 /* Resources */,
			);
			buildRules = (
			);
			dependencies = (
			);
			name = "VK-TestTask-Infection";
			productName = "VK-TestTask-Infection";
			productReference = D819B8162BB1C854008051A1 /* VK-TestTask-Infection.app */;
			productType = "com.apple.product-type.application";
		};
/* End PBXNativeTarget section */

/* Begin PBXProject section */
		D819B80E2BB1C854008051A1 /* Project object */ = {
			isa = PBXProject;
			attributes = {
				BuildIndependentTargetsInParallel = 1;
				LastSwiftUpdateCheck = 1430;
				LastUpgradeCheck = 1430;
				TargetAttributes = {
					D819B8152BB1C854008051A1 = {
						CreatedOnToolsVersion = 14.3.1;
					};
				};
			};
			buildConfigurationList = D819B8112BB1C854008051A1 /* Build configuration list for PBXProject "VK-TestTask-Infection" */;
			compatibilityVersion = "Xcode 14.0";
			developmentRegion = en;
			hasScannedForEncodings = 0;
			knownRegions = (
				en,
				Base,
			);
			mainGroup = D819B80D2BB1C854008051A1;
			productRefGroup = D819B8172BB1C854008051A1 /* Products */;
			projectDirPath = "";
			projectRoot = "";
			targets = (
				D819B8152BB1C854008051A1 /* VK-TestTask-Infection */,
			);
		};
/* End PBXProject section */

/* Begin PBXResourcesBuildPhase section */
		D819B8142BB1C854008051A1 /* Resources */ = {
			isa = PBXResourcesBuildPhase;
			buildActionMask = 2147483647;
			files = (
				D819B8262BB1C855008051A1 /* LaunchScreen.storyboard in Resources */,
				D819B8232BB1C855008051A1 /* Assets.xcassets in Resources */,
				D819B8212BB1C854008051A1 /* Main.storyboard in Resources */,
			);
			runOnlyForDeploymentPostprocessing = 0;
		};
/* End PBXResourcesBuildPhase section */

/* Begin PBXSourcesBuildPhase section */
		D819B8122BB1C854008051A1 /* Sources */ = {
			isa = PBXSourcesBuildPhase;
			buildActionMask = 2147483647;
			files = (
				D819B81E2BB1C854008051A1 /* SimulationParametersViewController.swift in Sources */,
				D819B83E2BB31541008051A1 /* SimulationViewController.swift in Sources */,
				D819B8402BB325CD008051A1 /* Person.swift in Sources */,
				D819B81A2BB1C854008051A1 /* AppDelegate.swift in Sources */,
				D819B81C2BB1C854008051A1 /* SceneDelegate.swift in Sources */,
			);
			runOnlyForDeploymentPostprocessing = 0;
		};
/* End PBXSourcesBuildPhase section */

/* Begin PBXVariantGroup section */
		D819B81F2BB1C854008051A1 /* Main.storyboard */ = {
			isa = PBXVariantGroup;
			children = (
				D819B8202BB1C854008051A1 /* Base */,
			);
			name = Main.storyboard;
			sourceTree = "<group>";
		};
		D819B8242BB1C855008051A1 /* LaunchScreen.storyboard */ = {
			isa = PBXVariantGroup;
			children = (
				D819B8252BB1C855008051A1 /* Base */,
			);
			name = LaunchScreen.storyboard;
			sourceTree = "<group>";
		};
/* End PBXVariantGroup section */

/* Begin XCBuildConfiguration section */
		D819B8282BB1C855008051A1 /* Debug */ = {
			isa = XCBuildConfiguration;
			buildSettings = {
				ALWAYS_SEARCH_USER_PATHS = NO;
				CLANG_ANALYZER_NONNULL = YES;
				CLANG_ANALYZER_NUMBER_OBJECT_CONVERSION = YES_AGGRESSIVE;
				CLANG_CXX_LANGUAGE_STANDARD = "gnu++20";
				CLANG_ENABLE_MODULES = YES;
				CLANG_ENABLE_OBJC_ARC = YES;
				CLANG_ENABLE_OBJC_WEAK = YES;
				CLANG_WARN_BLOCK_CAPTURE_AUTORELEASING = YES;
				CLANG_WARN_BOOL_CONVERSION = YES;
				CLANG_WARN_COMMA = YES;
				CLANG_WARN_CONSTANT_CONVERSION = YES;
				CLANG_WARN_DEPRECATED_OBJC_IMPLEMENTATIONS = YES;
				CLANG_WARN_DIRECT_OBJC_ISA_USAGE = YES_ERROR;
				CLANG_WARN_DOCUMENTATION_COMMENTS = YES;
				CLANG_WARN_EMPTY_BODY = YES;
				CLANG_WARN_ENUM_CONVERSION = YES;
				CLANG_WARN_INFINITE_RECURSION = YES;
				CLANG_WARN_INT_CONVERSION = YES;
				CLANG_WARN_NON_LITERAL_NULL_CONVERSION = YES;
				CLANG_WARN_OBJC_IMPLICIT_RETAIN_SELF = YES;
				CLANG_WARN_OBJC_LITERAL_CONVERSION = YES;
				CLANG_WARN_OBJC_ROOT_CLASS = YES_ERROR;
				CLANG_WARN_QUOTED_INCLUDE_IN_FRAMEWORK_HEADER = YES;
				CLANG_WARN_RANGE_LOOP_ANALYSIS = YES;
				CLANG_WARN_STRICT_PROTOTYPES = YES;
				CLANG_WARN_SUSPICIOUS_MOVE = YES;
				CLANG_WARN_UNGUARDED_AVAILABILITY = YES_AGGRESSIVE;
				CLANG_WARN_UNREACHABLE_CODE = YES;
				CLANG_WARN__DUPLICATE_METHOD_MATCH = YES;
				COPY_PHASE_STRIP = NO;
				DEBUG_INFORMATION_FORMAT = dwarf;
				ENABLE_STRICT_OBJC_MSGSEND = YES;
				ENABLE_TESTABILITY = YES;
				GCC_C_LANGUAGE_STANDARD = gnu11;
				GCC_DYNAMIC_NO_PIC = NO;
				GCC_NO_COMMON_BLOCKS = YES;
				GCC_OPTIMIZATION_LEVEL = 0;
				GCC_PREPROCESSOR_DEFINITIONS = (
					"DEBUG=1",
					"$(inherited)",
				);
				GCC_WARN_64_TO_32_BIT_CONVERSION = YES;
				GCC_WARN_ABOUT_RETURN_TYPE = YES_ERROR;
				GCC_WARN_UNDECLARED_SELECTOR = YES;
				GCC_WARN_UNINITIALIZED_AUTOS = YES_AGGRESSIVE;
				GCC_WARN_UNUSED_FUNCTION = YES;
				GCC_WARN_UNUSED_VARIABLE = YES;
				IPHONEOS_DEPLOYMENT_TARGET = 16.4;
				MTL_ENABLE_DEBUG_INFO = INCLUDE_SOURCE;
				MTL_FAST_MATH = YES;
				ONLY_ACTIVE_ARCH = YES;
				SDKROOT = iphoneos;
				SWIFT_ACTIVE_COMPILATION_CONDITIONS = DEBUG;
				SWIFT_OPTIMIZATION_LEVEL = "-Onone";
			};
			name = Debug;
		};
		D819B8292BB1C855008051A1 /* Release */ = {
			isa = XCBuildConfiguration;
			buildSettings = {
				ALWAYS_SEARCH_USER_PATHS = NO;
				CLANG_ANALYZER_NONNULL = YES;
				CLANG_ANALYZER_NUMBER_OBJECT_CONVERSION = YES_AGGRESSIVE;
				CLANG_CXX_LANGUAGE_STANDARD = "gnu++20";
				CLANG_ENABLE_MODULES = YES;
				CLANG_ENABLE_OBJC_ARC = YES;
				CLANG_ENABLE_OBJC_WEAK = YES;
				CLANG_WARN_BLOCK_CAPTURE_AUTORELEASING = YES;
				CLANG_WARN_BOOL_CONVERSION = YES;
				CLANG_WARN_COMMA = YES;
				CLANG_WARN_CONSTANT_CONVERSION = YES;
				CLANG_WARN_DEPRECATED_OBJC_IMPLEMENTATIONS = YES;
				CLANG_WARN_DIRECT_OBJC_ISA_USAGE = YES_ERROR;
				CLANG_WARN_DOCUMENTATION_COMMENTS = YES;
				CLANG_WARN_EMPTY_BODY = YES;
				CLANG_WARN_ENUM_CONVERSION = YES;
				CLANG_WARN_INFINITE_RECURSION = YES;
				CLANG_WARN_INT_CONVERSION = YES;
				CLANG_WARN_NON_LITERAL_NULL_CONVERSION = YES;
				CLANG_WARN_OBJC_IMPLICIT_RETAIN_SELF = YES;
				CLANG_WARN_OBJC_LITERAL_CONVERSION = YES;
				CLANG_WARN_OBJC_ROOT_CLASS = YES_ERROR;
				CLANG_WARN_QUOTED_INCLUDE_IN_FRAMEWORK_HEADER = YES;
				CLANG_WARN_RANGE_LOOP_ANALYSIS = YES;
				CLANG_WARN_STRICT_PROTOTYPES = YES;
				CLANG_WARN_SUSPICIOUS_MOVE = YES;
				CLANG_WARN_UNGUARDED_AVAILABILITY = YES_AGGRESSIVE;
				CLANG_WARN_UNREACHABLE_CODE = YES;
				CLANG_WARN__DUPLICATE_METHOD_MATCH = YES;
				COPY_PHASE_STRIP = NO;
				DEBUG_INFORMATION_FORMAT = "dwarf-with-dsym";
				ENABLE_NS_ASSERTIONS = NO;
				ENABLE_STRICT_OBJC_MSGSEND = YES;
				GCC_C_LANGUAGE_STANDARD = gnu11;
				GCC_NO_COMMON_BLOCKS = YES;
				GCC_WARN_64_TO_32_BIT_CONVERSION = YES;
				GCC_WARN_ABOUT_RETURN_TYPE = YES_ERROR;
				GCC_WARN_UNDECLARED_SELECTOR = YES;
				GCC_WARN_UNINITIALIZED_AUTOS = YES_AGGRESSIVE;
				GCC_WARN_UNUSED_FUNCTION = YES;
				GCC_WARN_UNUSED_VARIABLE = YES;
				IPHONEOS_DEPLOYMENT_TARGET = 16.4;
				MTL_ENABLE_DEBUG_INFO = NO;
				MTL_FAST_MATH = YES;
				SDKROOT = iphoneos;
				SWIFT_COMPILATION_MODE = wholemodule;
				SWIFT_OPTIMIZATION_LEVEL = "-O";
				VALIDATE_PRODUCT = YES;
			};
			name = Release;
		};
		D819B82B2BB1C855008051A1 /* Debug */ = {
			isa = XCBuildConfiguration;
			buildSettings = {
				ASSETCATALOG_COMPILER_APPICON_NAME = AppIcon;
				ASSETCATALOG_COMPILER_GLOBAL_ACCENT_COLOR_NAME = AccentColor;
				CODE_SIGN_STYLE = Automatic;
				CURRENT_PROJECT_VERSION = 1;
				DEVELOPMENT_TEAM = 8B274TVL49;
				GENERATE_INFOPLIST_FILE = YES;
				INFOPLIST_FILE = "VK-TestTask-Infection/Supporting/Info.plist";
				INFOPLIST_KEY_UIApplicationSupportsIndirectInputEvents = YES;
				INFOPLIST_KEY_UILaunchStoryboardName = LaunchScreen;
				INFOPLIST_KEY_UIMainStoryboardFile = Main;
				INFOPLIST_KEY_UISupportedInterfaceOrientations_iPad = "UIInterfaceOrientationPortrait UIInterfaceOrientationPortraitUpsideDown UIInterfaceOrientationLandscapeLeft UIInterfaceOrientationLandscapeRight";
				INFOPLIST_KEY_UISupportedInterfaceOrientations_iPhone = "UIInterfaceOrientationPortrait UIInterfaceOrientationLandscapeLeft UIInterfaceOrientationLandscapeRight";
				LD_RUNPATH_SEARCH_PATHS = (
					"$(inherited)",
					"@executable_path/Frameworks",
				);
				MARKETING_VERSION = 1.0;
				PRODUCT_BUNDLE_IDENTIFIER = "me.belikov.vitaliy.VK-TestTask-Infection";
				PRODUCT_NAME = "$(TARGET_NAME)";
				SWIFT_EMIT_LOC_STRINGS = YES;
				SWIFT_VERSION = 5.0;
				TARGETED_DEVICE_FAMILY = "1,2";
			};
			name = Debug;
		};
		D819B82C2BB1C855008051A1 /* Release */ = {
			isa = XCBuildConfiguration;
			buildSettings = {
				ASSETCATALOG_COMPILER_APPICON_NAME = AppIcon;
				ASSETCATALOG_COMPILER_GLOBAL_ACCENT_COLOR_NAME = AccentColor;
				CODE_SIGN_STYLE = Automatic;
				CURRENT_PROJECT_VERSION = 1;
				DEVELOPMENT_TEAM = 8B274TVL49;
				GENERATE_INFOPLIST_FILE = YES;
				INFOPLIST_FILE = "VK-TestTask-Infection/Supporting/Info.plist";
				INFOPLIST_KEY_UIApplicationSupportsIndirectInputEvents = YES;
				INFOPLIST_KEY_UILaunchStoryboardName = LaunchScreen;
				INFOPLIST_KEY_UIMainStoryboardFile = Main;
				INFOPLIST_KEY_UISupportedInterfaceOrientations_iPad = "UIInterfaceOrientationPortrait UIInterfaceOrientationPortraitUpsideDown UIInterfaceOrientationLandscapeLeft UIInterfaceOrientationLandscapeRight";
				INFOPLIST_KEY_UISupportedInterfaceOrientations_iPhone = "UIInterfaceOrientationPortrait UIInterfaceOrientationLandscapeLeft UIInterfaceOrientationLandscapeRight";
				LD_RUNPATH_SEARCH_PATHS = (
					"$(inherited)",
					"@executable_path/Frameworks",
				);
				MARKETING_VERSION = 1.0;
				PRODUCT_BUNDLE_IDENTIFIER = "me.belikov.vitaliy.VK-TestTask-Infection";
				PRODUCT_NAME = "$(TARGET_NAME)";
				SWIFT_EMIT_LOC_STRINGS = YES;
				SWIFT_VERSION = 5.0;
				TARGETED_DEVICE_FAMILY = "1,2";
			};
			name = Release;
		};
/* End XCBuildConfiguration section */

/* Begin XCConfigurationList section */
		D819B8112BB1C854008051A1 /* Build configuration list for PBXProject "VK-TestTask-Infection" */ = {
			isa = XCConfigurationList;
			buildConfigurations = (
				D819B8282BB1C855008051A1 /* Debug */,
				D819B8292BB1C855008051A1 /* Release */,
			);
			defaultConfigurationIsVisible = 0;
			defaultConfigurationName = Release;
		};
		D819B82A2BB1C855008051A1 /* Build configuration list for PBXNativeTarget "VK-TestTask-Infection" */ = {
			isa = XCConfigurationList;
			buildConfigurations = (
				D819B82B2BB1C855008051A1 /* Debug */,
				D819B82C2BB1C855008051A1 /* Release */,
			);
			defaultConfigurationIsVisible = 0;
			defaultConfigurationName = Release;
		};
/* End XCConfigurationList section */
	};
	rootObject = D819B80E2BB1C854008051A1 /* Project object */;
}
